{
  "version": "5",
  "redirects": {
    "https://esm.sh/@supabase/supabase-js@2": "https://esm.sh/@supabase/supabase-js@2.105.4"
  },
  "remote": {
    "https://deno.land/std@0.208.0/async/delay.ts": "a6142eb44cdd856b645086af2b811b1fcce08ec06bb7d50969e6a872ee9b8659",
    "https://deno.land/std@0.208.0/http/server.ts": "f3cde6672e631d3e00785743cfa96bfed275618c0352c5ae84abbe5a2e0e4afc",
    "https://esm.sh/@supabase/supabase-js@2.105.4": "92cda3ff3af2e241766bc1d53b87167b4d6376d43a0e2f31ddcd6d41a58d09f9",
    "https://esm.sh/@supabase/supabase-js@2.45.4": "1108d69216995335d057dbd15907caaf514a4d1ef082f097050573b9d589a57c"
  },
  "workspace": {
    "packageJson": {
      "dependencies": [
        "npm:@babel/core@^7.24.0",
        "npm:@expo/vector-icons@^14.0.2",
        "npm:@gradio/client@^2.2.0",
        "npm:@react-native-async-storage/async-storage@1.23.1",
        "npm:@supabase/supabase-js@^2.105.3",
        "npm:@types/react@~18.2.79",
        "npm:date-fns@^4.2.1",
        "npm:dotenv@^17.4.2",
        "npm:expo-constants@~16.0.2",
        "npm:expo-document-picker@~12.0.2",
        "npm:expo-file-system@~17.0.1",
        "npm:expo-font@~12.0.10",
        "npm:expo-linking@~6.3.1",
        "npm:expo-print@~13.0.1",
        "npm:expo-router@~3.5.23",
        "npm:expo-secure-store@~13.0.2",
        "npm:expo-sharing@~12.0.1",
        "npm:expo-splash-screen@~0.27.5",
        "npm:expo-status-bar@~1.12.1",
        "npm:expo-system-ui@~3.0.7",
        "npm:expo-web-browser@~13.0.3",
        "npm:expo@~51.0.28",
        "npm:react-dom@18.2.0",
        "npm:react-native-gesture-handler@~2.16.1",
        "npm:react-native-reanimated@~3.10.1",
        "npm:react-native-safe-area-context@4.10.5",
        "npm:react-native-screens@3.31.1",
        "npm:react-native-url-polyfill@2",
        "npm:react-native-web@~0.19.10",
        "npm:react-native@0.74.5",
        "npm:react@18.2.0",
        "npm:typescript@~5.3.3"
      ]
    }
  }
}
